{
  "name": "rental-business",
  "lockfileVersion": 3,
  "requires": true,
  "packages": {
    "": {
      "devDependencies": {
        "@types/google.maps": "^3.65.3",
        "@types/mapbox__mapbox-sdk": "^0.16.5"
      }
    },
    "node_modules/@types/geojson": {
      "version": "7946.0.16",
      "resolved": "https://registry.npmjs.org/@types/geojson/-/geojson-7946.0.16.tgz",
      "integrity": "sha512-6C8nqWur3j98U6+lXDfTUWIfgvZU+EumvpHKcYjujKH7woYyLj2sUmff0tRhrqM7BohUw7Pz3ZB1jj2gW9Fvmg==",
      "dev": true,
      "license": "MIT"
    },
    "node_modules/@types/google.maps": {
      "version": "3.65.3",
      "resolved": "https://registry.npmjs.org/@types/google.maps/-/google.maps-3.65.3.tgz",
      "integrity": "sha512-tqbbx7MUtoDk+RwpZMymPDj6Skez0FhqDZNhLhS5UDmCx4D1dgP+BJOHTebiO/rhjJLa1f8te2p6mJJeFKVFOQ==",
      "dev": true,
      "license": "MIT"
    },
    "node_modules/@types/mapbox__mapbox-sdk": {
      "version": "0.16.5",
      "resolved": "https://registry.npmjs.org/@types/mapbox__mapbox-sdk/-/mapbox__mapbox-sdk-0.16.5.tgz",
      "integrity": "sha512-P20ijB7F8JN6F5yV9EoPSzOJcOn8U5iPMw5Dydt4X5YeUJhilc8hAf4AHnV6ALL6XfWyhDoCLc1MN/bldsiVfw==",
      "dev": true,
      "license": "MIT",
      "dependencies": {
        "@types/geojson": "*",
        "@types/node": "*",
        "mapbox-gl": "^3.5.0"
      }
    },
    "node_modules/@types/node": {
      "version": "26.1.1",
      "resolved": "https://registry.npmjs.org/@types/node/-/node-26.1.1.tgz",
      "integrity": "sha512-nxAkRSVkN1Y0JC1W8ky/fTfkGsMmcrRsbx+3XoZE+rMOX71kLYTV7fLXpqud1GpbpP5TuffXFqfX7fH2GgZREw==",
      "dev": true,
      "license": "MIT",
      "dependencies": {
        "undici-types": "~8.3.0"
      }
    },
    "node_modules/mapbox-gl": {
      "version": "3.27.0",
      "resolved": "https://registry.npmjs.org/mapbox-gl/-/mapbox-gl-3.27.0.tgz",
      "integrity": "sha512-K8W9LTTjFEJsg9qsnJbKk+zbXrmSqa+nU1EiFXez5gQ0T0RMtylZUelgg1/RE6vCUMvHX0gaYfWU9g2mTWuA0g==",
      "dev": true,
      "license": "SEE LICENSE IN LICENSE.txt",
      "workspaces": [
        "src/style-spec",
        "plugins/mapbox-gl-pmtiles-provider",
        "test/build/vite",
        "test/build/webpack",
        "test/build/typings"
      ]
    },
    "node_modules/undici-types": {
      "version": "8.3.0",
      "resolved": "https://registry.npmjs.org/undici-types/-/undici-types-8.3.0.tgz",
      "integrity": "sha512-j375ScV60dom+YkPFIfTLcOiPxkN/buHz5GobjLhixFuANaNs3C9l4GmrWqejgXWJ7BbJcFYpTEUkS1Ge8bpZQ==",
      "dev": true,
      "license": "MIT"
    }
  }
}
